
Microsoft Visual Studio Solution File, Format Version 12.00
# Visual Studio Version 16
VisualStudioVersion = 16.0.31702.278
MinimumVisualStudioVersion = 10.0.40219.1
Project("{FAE04EC0-301F-11D3-BF4B-00C04F79EFBC}") = "DSharpPlus.SlashCommands.ButtonCommands", "DSharpPlus.SlashCommands.ButtonCommands\DSharpPlus.SlashCommands.ButtonCommands.csproj", "{A541801F-BED4-4472-A467-8F0418FC32A7}"
EndProject
Global
	GlobalSection(SolutionConfigurationPlatforms) = preSolution
		Debug|Any CPU = Debug|Any CPU
		Release|Any CPU = Release|Any CPU
	EndGlobalSection
	GlobalSection(ProjectConfigurationPlatforms) = postSolution
		{A541801F-BED4-4472-A467-8F0418FC32A7}.Debug|Any CPU.ActiveCfg = Debug|Any CPU
		{A541801F-BED4-4472-A467-8F0418FC32A7}.Debug|Any CPU.Build.0 = Debug|Any CPU
		{A541801F-BED4-4472-A467-8F0418FC32A7}.Release|Any CPU.ActiveCfg = Release|Any CPU
		{A541801F-BED4-4472-A467-8F0418FC32A7}.Release|Any CPU.Build.0 = Release|Any CPU
	EndGlobalSection
	GlobalSection(SolutionProperties) = preSolution
		HideSolutionNode = FALSE
	EndGlobalSection
	GlobalSection(ExtensibilityGlobals) = postSolution
		SolutionGuid = {48543DB6-A2B3-4FE1-9559-4C582B97AB1E}
	EndGlobalSection
EndGlobal
